
Microsoft Visual Studio Solution File, Format Version 12.00
# Visual Studio Version 17
VisualStudioVersion = 17.0.31903.59
MinimumVisualStudioVersion = 10.0.40219.1
Project("{2150E333-8FDC-42A3-9474-1A3956D46DE8}") = "domain", "domain", "{FC20616F-3876-4A13-A9AC-25BF723BBD7E}"
EndProject
Project("{2150E333-8FDC-42A3-9474-1A3956D46DE8}") = "infrastrucure", "infrastrucure", "{89F06674-18A1-4A1A-AA1A-AABA32C582D1}"
EndProject
Project("{9A19103F-16F7-4668-BE54-9A1E7A4F7556}") = "WebStore.Memory", "infrastructure\WebStore.Memory\WebStore.Memory.csproj", "{F3C27B31-F3A3-43B3-8B33-6ADA6760D77F}"
EndProject
Project("{9A19103F-16F7-4668-BE54-9A1E7A4F7556}") = "WebStore", "domain\WebStore\WebStore.csproj", "{04450AF3-F57C-4244-AD31-71555B909F0D}"
EndProject
Project("{2150E333-8FDC-42A3-9474-1A3956D46DE8}") = "presentation", "presentation", "{84C314CA-B119-4854-9877-A747978631CA}"
EndProject
Project("{9A19103F-16F7-4668-BE54-9A1E7A4F7556}") = "WebStore.WebMVC", "presentation\WebStore.WebMVC\WebStore.WebMVC.csproj", "{84440959-52B7-403A-A643-D108D3AF48AC}"
	ProjectSection(ProjectDependencies) = postProject
		{04450AF3-F57C-4244-AD31-71555B909F0D} = {04450AF3-F57C-4244-AD31-71555B909F0D}
	EndProjectSection
EndProject
Project("{9A19103F-16F7-4668-BE54-9A1E7A4F7556}") = "WebStore.WebMVC.Contractors", "presentation\WebStore.Web.Contractors\WebStore.WebMVC.Contractors.csproj", "{B7244FF9-63EC-4204-ABBA-9C10BA51440E}"
EndProject
Project("{2150E333-8FDC-42A3-9474-1A3956D46DE8}") = "plugins", "plugins", "{83442766-D1EC-4110-AE28-D889343893D5}"
EndProject
Project("{9A19103F-16F7-4668-BE54-9A1E7A4F7556}") = "WebStore.YandexKassa", "plugins\WebStore.YandexKassa\WebStore.YandexKassa.csproj", "{D633F4EF-3FF9-49B2-B1CB-6993C64778C7}"
EndProject
Project("{9A19103F-16F7-4668-BE54-9A1E7A4F7556}") = "WebStore.Tests", "domain\WebStore.Tests\WebStore.Tests.csproj", "{DC04BFE4-3447-4F2F-A00B-079CF6708FF5}"
EndProject
Global
	GlobalSection(SolutionConfigurationPlatforms) = preSolution
		Debug|Any CPU = Debug|Any CPU
		Release|Any CPU = Release|Any CPU
	EndGlobalSection
	GlobalSection(ProjectConfigurationPlatforms) = postSolution
		{F3C27B31-F3A3-43B3-8B33-6ADA6760D77F}.Debug|Any CPU.ActiveCfg = Debug|Any CPU
		{F3C27B31-F3A3-43B3-8B33-6ADA6760D77F}.Debug|Any CPU.Build.0 = Debug|Any CPU
		{F3C27B31-F3A3-43B3-8B33-6ADA6760D77F}.Release|Any CPU.ActiveCfg = Release|Any CPU
		{F3C27B31-F3A3-43B3-8B33-6ADA6760D77F}.Release|Any CPU.Build.0 = Release|Any CPU
		{04450AF3-F57C-4244-AD31-71555B909F0D}.Debug|Any CPU.ActiveCfg = Debug|Any CPU
		{04450AF3-F57C-4244-AD31-71555B909F0D}.Debug|Any CPU.Build.0 = Debug|Any CPU
		{04450AF3-F57C-4244-AD31-71555B909F0D}.Release|Any CPU.ActiveCfg = Release|Any CPU
		{04450AF3-F57C-4244-AD31-71555B909F0D}.Release|Any CPU.Build.0 = Release|Any CPU
		{84440959-52B7-403A-A643-D108D3AF48AC}.Debug|Any CPU.ActiveCfg = Debug|Any CPU
		{84440959-52B7-403A-A643-D108D3AF48AC}.Debug|Any CPU.Build.0 = Debug|Any CPU
		{84440959-52B7-403A-A643-D108D3AF48AC}.Release|Any CPU.ActiveCfg = Release|Any CPU
		{84440959-52B7-403A-A643-D108D3AF48AC}.Release|Any CPU.Build.0 = Release|Any CPU
		{B7244FF9-63EC-4204-ABBA-9C10BA51440E}.Debug|Any CPU.ActiveCfg = Debug|Any CPU
		{B7244FF9-63EC-4204-ABBA-9C10BA51440E}.Debug|Any CPU.Build.0 = Debug|Any CPU
		{B7244FF9-63EC-4204-ABBA-9C10BA51440E}.Release|Any CPU.ActiveCfg = Release|Any CPU
		{B7244FF9-63EC-4204-ABBA-9C10BA51440E}.Release|Any CPU.Build.0 = Release|Any CPU
		{D633F4EF-3FF9-49B2-B1CB-6993C64778C7}.Debug|Any CPU.ActiveCfg = Debug|Any CPU
		{D633F4EF-3FF9-49B2-B1CB-6993C64778C7}.Debug|Any CPU.Build.0 = Debug|Any CPU
		{D633F4EF-3FF9-49B2-B1CB-6993C64778C7}.Release|Any CPU.ActiveCfg = Release|Any CPU
		{D633F4EF-3FF9-49B2-B1CB-6993C64778C7}.Release|Any CPU.Build.0 = Release|Any CPU
		{DC04BFE4-3447-4F2F-A00B-079CF6708FF5}.Debug|Any CPU.ActiveCfg = Debug|Any CPU
		{DC04BFE4-3447-4F2F-A00B-079CF6708FF5}.Debug|Any CPU.Build.0 = Debug|Any CPU
		{DC04BFE4-3447-4F2F-A00B-079CF6708FF5}.Release|Any CPU.ActiveCfg = Release|Any CPU
		{DC04BFE4-3447-4F2F-A00B-079CF6708FF5}.Release|Any CPU.Build.0 = Release|Any CPU
	EndGlobalSection
	GlobalSection(SolutionProperties) = preSolution
		HideSolutionNode = FALSE
	EndGlobalSection
	GlobalSection(NestedProjects) = preSolution
		{F3C27B31-F3A3-43B3-8B33-6ADA6760D77F} = {89F06674-18A1-4A1A-AA1A-AABA32C582D1}
		{04450AF3-F57C-4244-AD31-71555B909F0D} = {FC20616F-3876-4A13-A9AC-25BF723BBD7E}
		{84440959-52B7-403A-A643-D108D3AF48AC} = {84C314CA-B119-4854-9877-A747978631CA}
		{B7244FF9-63EC-4204-ABBA-9C10BA51440E} = {84C314CA-B119-4854-9877-A747978631CA}
		{D633F4EF-3FF9-49B2-B1CB-6993C64778C7} = {83442766-D1EC-4110-AE28-D889343893D5}
		{DC04BFE4-3447-4F2F-A00B-079CF6708FF5} = {FC20616F-3876-4A13-A9AC-25BF723BBD7E}
	EndGlobalSection
	GlobalSection(ExtensibilityGlobals) = postSolution
		SolutionGuid = {E3CAE2C4-0F5F-49F0-8716-B5B4C24D6F80}
	EndGlobalSection
EndGlobal
